// !$*UTF8*$!
{
	archiveVersion = 1;
	classes = {
	};
	objectVersion = 46;
	objects = {

/* Begin PBXBuildFile section */
		DDB0430E1CD096FF00C6C39E /* AppDelegate.swift in Sources */ = {isa = PBXBuildFile; fileRef = DDB0430D1CD096FF00C6C39E /* AppDelegate.swift */; };
		DDB043101CD096FF00C6C39E /* ViewController.swift in Sources */ = {isa = PBXBuildFile; fileRef = DDB0430F1CD096FF00C6C39E /* ViewController.swift */; };
		DDB043131CD096FF00C6C39E /* Main.storyboard in Resources */ = {isa = PBXBuildFile; fileRef = DDB043111CD096FF00C6C39E /* Main.storyboard */; };
		DDB043151CD096FF00C6C39E /* Assets.xcassets in Resources */ = {isa = PBXBuildFile; fileRef = DDB043141CD096FF00C6C39E /* Assets.xcassets */; };
		DDB043181CD096FF00C6C39E /* LaunchScreen.storyboard in Resources */ = {isa = PBXBuildFile; fileRef = DDB043161CD096FF00C6C39E /* LaunchScreen.storyboard */; };
		DDB043231CD096FF00C6C39E /* LearningTests.swift in Sources */ = {isa = PBXBuildFile; fileRef = DDB043221CD096FF00C6C39E /* LearningTests.swift */; };
		DDB0432E1CD096FF00C6C39E /* LearningUITests.swift in Sources */ = {isa = PBXBuildFile; fileRef = DDB0432D1CD096FF00C6C39E /* LearningUITests.swift */; };
		DDB0433C1CD0ACAC00C6C39E /* SecondViewController.swift in Sources */ = {isa = PBXBuildFile; fileRef = DDB0433B1CD0ACAC00C6C39E /* SecondViewController.swift */; };
/* End PBXBuildFile section */

/* Begin PBXContainerItemProxy section */
		DDB0431F1CD096FF00C6C39E /* PBXContainerItemProxy */ = {
			isa = PBXContainerItemProxy;
			containerPortal = DDB043021CD096FE00C6C39E /* Project object */;
			proxyType = 1;
			remoteGlobalIDString = DDB043091CD096FF00C6C39E;
			remoteInfo = Learning;
		};
		DDB0432A1CD096FF00C6C39E /* PBXContainerItemProxy */ = {
			isa = PBXContainerItemProxy;
			containerPortal = DDB043021CD096FE00C6C39E /* Project object */;
			proxyType = 1;
			remoteGlobalIDString = DDB043091CD096FF00C6C39E;
			remoteInfo = Learning;
		};
/* End PBXContainerItemProxy section */

/* Begin PBXFileReference section */
		DDB0430A1CD096FF00C6C39E /* NavigationContoller.app */ = {isa = PBXFileReference; explicitFileType = wrapper.application; includeInIndex = 0; path = NavigationContoller.app; sourceTree = BUILT_PRODUCTS_DIR; };
		DDB0430D1CD096FF00C6C39E /* AppDelegate.swift */ = {isa = PBXFileReference; lastKnownFileType = sourcecode.swift; path = AppDelegate.swift; sourceTree = "<group>"; };
		DDB0430F1CD096FF00C6C39E /* ViewController.swift */ = {isa = PBXFileReference; lastKnownFileType = sourcecode.swift; path = ViewController.swift; sourceTree = "<group>"; };
		DDB043121CD096FF00C6C39E /* Base */ = {isa = PBXFileReference; lastKnownFileType = file.storyboard; name = Base; path = Base.lproj/Main.storyboard; sourceTree = "<group>"; };
		DDB043141CD096FF00C6C39E /* Assets.xcassets */ = {isa = PBXFileReference; lastKnownFileType = folder.assetcatalog; path = Assets.xcassets; sourceTree = "<group>"; };
		DDB043171CD096FF00C6C39E /* Base */ = {isa = PBXFileReference; lastKnownFileType = file.storyboard; name = Base; path = Base.lproj/LaunchScreen.storyboard; sourceTree = "<group>"; };
		DDB043191CD096FF00C6C39E /* Info.plist */ = {isa = PBXFileReference; lastKnownFileType = text.plist.xml; path = Info.plist; sourceTree = "<group>"; };
		DDB0431E1CD096FF00C6C39E /* NavigationContoller.xctest */ = {isa = PBXFileReference; explicitFileType = wrapper.cfbundle; includeInIndex = 0; path = NavigationContoller.xctest; sourceTree = BUILT_PRODUCTS_DIR; };
		DDB043221CD096FF00C6C39E /* LearningTests.swift */ = {isa = PBXFileReference; lastKnownFileType = sourcecode.swift; path = LearningTests.swift; sourceTree = "<group>"; };
		DDB043241CD096FF00C6C39E /* Info.plist */ = {isa = PBXFileReference; lastKnownFileType = text.plist.xml; path = Info.plist; sourceTree = "<group>"; };
		DDB043291CD096FF00C6C39E /* NavigationContoller.xctest */ = {isa = PBXFileReference; explicitFileType = wrapper.cfbundle; includeInIndex = 0; path = NavigationContoller.xctest; sourceTree = BUILT_PRODUCTS_DIR; };
		DDB0432D1CD096FF00C6C39E /* LearningUITests.swift */ = {isa = PBXFileReference; lastKnownFileType = sourcecode.swift; path = LearningUITests.swift; sourceTree = "<group>"; };
		DDB0432F1CD096FF00C6C39E /* Info.plist */ = {isa = PBXFileReference; lastKnownFileType = text.plist.xml; path = Info.plist; sourceTree = "<group>"; };
		DDB0433B1CD0ACAC00C6C39E /* SecondViewController.swift */ = {isa = PBXFileReference; fileEncoding = 4; lastKnownFileType = sourcecode.swift; path = SecondViewController.swift; sourceTree = "<group>"; };
/* End PBXFileReference section */

/* Begin PBXFrameworksBuildPhase section */
		DDB043071CD096FF00C6C39E /* Frameworks */ = {
			isa = PBXFrameworksBuildPhase;
			buildActionMask = 2147483647;
			files = (
			);
			runOnlyForDeploymentPostprocessing = 0;
		};
		DDB0431B1CD096FF00C6C39E /* Frameworks */ = {
			isa = PBXFrameworksBuildPhase;
			buildActionMask = 2147483647;
			files = (
			);
			runOnlyForDeploymentPostprocessing = 0;
		};
		DDB043261CD096FF00C6C39E /* Frameworks */ = {
			isa = PBXFrameworksBuildPhase;
			buildActionMask = 2147483647;
			files = (
			);
			runOnlyForDeploymentPostprocessing = 0;
		};
/* End PBXFrameworksBuildPhase section */

/* Begin PBXGroup section */
		DDB043011CD096FE00C6C39E = {
			isa = PBXGroup;
			children = (
				DDB0430C1CD096FF00C6C39E /* NavigationController */,
				DDB043211CD096FF00C6C39E /* NavigationControllerTests */,
				DDB0432C1CD096FF00C6C39E /* NavigationControllerUITests */,
				DDB0430B1CD096FF00C6C39E /* Products */,
			);
			sourceTree = "<group>";
		};
		DDB0430B1CD096FF00C6C39E /* Products */ = {
			isa = PBXGroup;
			children = (
				DDB0430A1CD096FF00C6C39E /* NavigationContoller.app */,
				DDB0431E1CD096FF00C6C39E /* NavigationContoller.xctest */,
				DDB043291CD096FF00C6C39E /* NavigationContoller.xctest */,
			);
			name = Products;
			sourceTree = "<group>";
		};
		DDB0430C1CD096FF00C6C39E /* NavigationController */ = {
			isa = PBXGroup;
			children = (
				DDB0430D1CD096FF00C6C39E /* AppDelegate.swift */,
				DDB0430F1CD096FF00C6C39E /* ViewController.swift */,
				DDB0433B1CD0ACAC00C6C39E /* SecondViewController.swift */,
				DDB043111CD096FF00C6C39E /* Main.storyboard */,
				DDB043141CD096FF00C6C39E /* Assets.xcassets */,
				DDB043161CD096FF00C6C39E /* LaunchScreen.storyboard */,
				DDB043191CD096FF00C6C39E /* Info.plist */,
			);
			name = NavigationController;
			path = Learning;
			sourceTree = "<group>";
		};
		DDB043211CD096FF00C6C39E /* NavigationControllerTests */ = {
			isa = PBXGroup;
			children = (
				DDB043221CD096FF00C6C39E /* LearningTests.swift */,
				DDB043241CD096FF00C6C39E /* Info.plist */,
			);
			name = NavigationControllerTests;
			path = LearningTests;
			sourceTree = "<group>";
		};
		DDB0432C1CD096FF00C6C39E /* NavigationControllerUITests */ = {
			isa = PBXGroup;
			children = (
				DDB0432D1CD096FF00C6C39E /* LearningUITests.swift */,
				DDB0432F1CD096FF00C6C39E /* Info.plist */,
			);
			name = NavigationControllerUITests;
			path = LearningUITests;
			sourceTree = "<group>";
		};
/* End PBXGroup section */

/* Begin PBXNativeTarget section */
		DDB043091CD096FF00C6C39E /* NavigationContoller */ = {
			isa = PBXNativeTarget;
			buildConfigurationList = DDB043321CD096FF00C6C39E /* Build configuration list for PBXNativeTarget "NavigationContoller" */;
			buildPhases = (
				DDB043061CD096FF00C6C39E /* Sources */,
				DDB043071CD096FF00C6C39E /* Frameworks */,
				DDB043081CD096FF00C6C39E /* Resources */,
			);
			buildRules = (
			);
			dependencies = (
			);
			name = NavigationContoller;
			productName = Learning;
			productReference = DDB0430A1CD096FF00C6C39E /* NavigationContoller.app */;
			productType = "com.apple.product-type.application";
		};
		DDB0431D1CD096FF00C6C39E /* NavigationContollerTests */ = {
			isa = PBXNativeTarget;
			buildConfigurationList = DDB043351CD096FF00C6C39E /* Build configuration list for PBXNativeTarget "NavigationContollerTests" */;
			buildPhases = (
				DDB0431A1CD096FF00C6C39E /* Sources */,
				DDB0431B1CD096FF00C6C39E /* Frameworks */,
				DDB0431C1CD096FF00C6C39E /* Resources */,
			);
			buildRules = (
			);
			dependencies = (
				DDB043201CD096FF00C6C39E /* PBXTargetDependency */,
			);
			name = NavigationContollerTests;
			productName = LearningTests;
			productReference = DDB0431E1CD096FF00C6C39E /* NavigationContoller.xctest */;
			productType = "com.apple.product-type.bundle.unit-test";
		};
		DDB043281CD096FF00C6C39E /* NavigationContollerUITests */ = {
			isa = PBXNativeTarget;
			buildConfigurationList = DDB043381CD096FF00C6C39E /* Build configuration list for PBXNativeTarget "NavigationContollerUITests" */;
			buildPhases = (
				DDB043251CD096FF00C6C39E /* Sources */,
				DDB043261CD096FF00C6C39E /* Frameworks */,
				DDB043271CD096FF00C6C39E /* Resources */,
			);
			buildRules = (
			);
			dependencies = (
				DDB0432B1CD096FF00C6C39E /* PBXTargetDependency */,
			);
			name = NavigationContollerUITests;
			productName = LearningUITests;
			productReference = DDB043291CD096FF00C6C39E /* NavigationContoller.xctest */;
			productType = "com.apple.product-type.bundle.ui-testing";
		};
/* End PBXNativeTarget section */

/* Begin PBXProject section */
		DDB043021CD096FE00C6C39E /* Project object */ = {
			isa = PBXProject;
			attributes = {
				LastSwiftUpdateCheck = 0730;
				LastUpgradeCheck = 0730;
				ORGANIZATIONNAME = "嶋本夏海";
				TargetAttributes = {
					DDB043091CD096FF00C6C39E = {
						CreatedOnToolsVersion = 7.3;
					};
					DDB0431D1CD096FF00C6C39E = {
						CreatedOnToolsVersion = 7.3;
						TestTargetID = DDB043091CD096FF00C6C39E;
					};
					DDB043281CD096FF00C6C39E = {
						CreatedOnToolsVersion = 7.3;
						TestTargetID = DDB043091CD096FF00C6C39E;
					};
				};
			};
			buildConfigurationList = DDB043051CD096FE00C6C39E /* Build configuration list for PBXProject "NavigationContoller" */;
			compatibilityVersion = "Xcode 3.2";
			developmentRegion = English;
			hasScannedForEncodings = 0;
			knownRegions = (
				en,
				Base,
			);
			mainGroup = DDB043011CD096FE00C6C39E;
			productRefGroup = DDB0430B1CD096FF00C6C39E /* Products */;
			projectDirPath = "";
			projectRoot = "";
			targets = (
				DDB043091CD096FF00C6C39E /* NavigationContoller */,
				DDB0431D1CD096FF00C6C39E /* NavigationContollerTests */,
				DDB043281CD096FF00C6C39E /* NavigationContollerUITests */,
			);
		};
/* End PBXProject section */

/* Begin PBXResourcesBuildPhase section */
		DDB043081CD096FF00C6C39E /* Resources */ = {
			isa = PBXResourcesBuildPhase;
			buildActionMask = 2147483647;
			files = (
				DDB043181CD096FF00C6C39E /* LaunchScreen.storyboard in Resources */,
				DDB043151CD096FF00C6C39E /* Assets.xcassets in Resources */,
				DDB043131CD096FF00C6C39E /* Main.storyboard in Resources */,
			);
			runOnlyForDeploymentPostprocessing = 0;
		};
		DDB0431C1CD096FF00C6C39E /* Resources */ = {
			isa = PBXResourcesBuildPhase;
			buildActionMask = 2147483647;
			files = (
			);
			runOnlyForDeploymentPostprocessing = 0;
		};
		DDB043271CD096FF00C6C39E /* Resources */ = {
			isa = PBXResourcesBuildPhase;
			buildActionMask = 2147483647;
			files = (
			);
			runOnlyForDeploymentPostprocessing = 0;
		};
/* End PBXResourcesBuildPhase section */

/* Begin PBXSourcesBuildPhase section */
		DDB043061CD096FF00C6C39E /* Sources */ = {
			isa = PBXSourcesBuildPhase;
			buildActionMask = 2147483647;
			files = (
				DDB0433C1CD0ACAC00C6C39E /* SecondViewController.swift in Sources */,
				DDB043101CD096FF00C6C39E /* ViewController.swift in Sources */,
				DDB0430E1CD096FF00C6C39E /* AppDelegate.swift in Sources */,
			);
			runOnlyForDeploymentPostprocessing = 0;
		};
		DDB0431A1CD096FF00C6C39E /* Sources */ = {
			isa = PBXSourcesBuildPhase;
			buildActionMask = 2147483647;
			files = (
				DDB043231CD096FF00C6C39E /* LearningTests.swift in Sources */,
			);
			runOnlyForDeploymentPostprocessing = 0;
		};
		DDB043251CD096FF00C6C39E /* Sources */ = {
			isa = PBXSourcesBuildPhase;
			buildActionMask = 2147483647;
			files = (
				DDB0432E1CD096FF00C6C39E /* LearningUITests.swift in Sources */,
			);
			runOnlyForDeploymentPostprocessing = 0;
		};
/* End PBXSourcesBuildPhase section */

/* Begin PBXTargetDependency section */
		DDB043201CD096FF00C6C39E /* PBXTargetDependency */ = {
			isa = PBXTargetDependency;
			target = DDB043091CD096FF00C6C39E /* NavigationContoller */;
			targetProxy = DDB0431F1CD096FF00C6C39E /* PBXContainerItemProxy */;
		};
		DDB0432B1CD096FF00C6C39E /* PBXTargetDependency */ = {
			isa = PBXTargetDependency;
			target = DDB043091CD096FF00C6C39E /* NavigationContoller */;
			targetProxy = DDB0432A1CD096FF00C6C39E /* PBXContainerItemProxy */;
		};
/* End PBXTargetDependency section */

/* Begin PBXVariantGroup section */
		DDB043111CD096FF00C6C39E /* Main.storyboard */ = {
			isa = PBXVariantGroup;
			children = (
				DDB043121CD096FF00C6C39E /* Base */,
			);
			name = Main.storyboard;
			sourceTree = "<group>";
		};
		DDB043161CD096FF00C6C39E /* LaunchScreen.storyboard */ = {
			isa = PBXVariantGroup;
			children = (
				DDB043171CD096FF00C6C39E /* Base */,
			);
			name = LaunchScreen.storyboard;
			sourceTree = "<group>";
		};
/* End PBXVariantGroup section */

/* Begin XCBuildConfiguration section */
		DDB043301CD096FF00C6C39E /* Debug */ = {
			isa = XCBuildConfiguration;
			buildSettings = {
				ALWAYS_SEARCH_USER_PATHS = NO;
				CLANG_ANALYZER_NONNULL = YES;
				CLANG_CXX_LANGUAGE_STANDARD = "gnu++0x";
				CLANG_CXX_LIBRARY = "libc++";
				CLANG_ENABLE_MODULES = YES;
				CLANG_ENABLE_OBJC_ARC = YES;
				CLANG_WARN_BOOL_CONVERSION = YES;
				CLANG_WARN_CONSTANT_CONVERSION = YES;
				CLANG_WARN_DIRECT_OBJC_ISA_USAGE = YES_ERROR;
				CLANG_WARN_EMPTY_BODY = YES;
				CLANG_WARN_ENUM_CONVERSION = YES;
				CLANG_WARN_INT_CONVERSION = YES;
				CLANG_WARN_OBJC_ROOT_CLASS = YES_ERROR;
				CLANG_WARN_UNREACHABLE_CODE = YES;
				CLANG_WARN__DUPLICATE_METHOD_MATCH = YES;
				"CODE_SIGN_IDENTITY[sdk=iphoneos*]" = "iPhone Developer";
				COPY_PHASE_STRIP = NO;
				DEBUG_INFORMATION_FORMAT = dwarf;
				ENABLE_STRICT_OBJC_MSGSEND = YES;
				ENABLE_TESTABILITY = YES;
				GCC_C_LANGUAGE_STANDARD = gnu99;
				GCC_DYNAMIC_NO_PIC = NO;
				GCC_NO_COMMON_BLOCKS = YES;
				GCC_OPTIMIZATION_LEVEL = 0;
				GCC_PREPROCESSOR_DEFINITIONS = (
					"DEBUG=1",
					"$(inherited)",
				);
				GCC_WARN_64_TO_32_BIT_CONVERSION = YES;
				GCC_WARN_ABOUT_RETURN_TYPE = YES_ERROR;
				GCC_WARN_UNDECLARED_SELECTOR = YES;
				GCC_WARN_UNINITIALIZED_AUTOS = YES_AGGRESSIVE;
				GCC_WARN_UNUSED_FUNCTION = YES;
				GCC_WARN_UNUSED_VARIABLE = YES;
				IPHONEOS_DEPLOYMENT_TARGET = 9.3;
				MTL_ENABLE_DEBUG_INFO = YES;
				ONLY_ACTIVE_ARCH = YES;
				SDKROOT = iphoneos;
				SWIFT_OPTIMIZATION_LEVEL = "-Onone";
			};
			name = Debug;
		};
		DDB043311CD096FF00C6C39E /* Release */ = {
			isa = XCBuildConfiguration;
			buildSettings = {
				ALWAYS_SEARCH_USER_PATHS = NO;
				CLANG_ANALYZER_NONNULL = YES;
				CLANG_CXX_LANGUAGE_STANDARD = "gnu++0x";
				CLANG_CXX_LIBRARY = "libc++";
				CLANG_ENABLE_MODULES = YES;
				CLANG_ENABLE_OBJC_ARC = YES;
				CLANG_WARN_BOOL_CONVERSION = YES;
				CLANG_WARN_CONSTANT_CONVERSION = YES;
				CLANG_WARN_DIRECT_OBJC_ISA_USAGE = YES_ERROR;
				CLANG_WARN_EMPTY_BODY = YES;
				CLANG_WARN_ENUM_CONVERSION = YES;
				CLANG_WARN_INT_CONVERSION = YES;
				CLANG_WARN_OBJC_ROOT_CLASS = YES_ERROR;
				CLANG_WARN_UNREACHABLE_CODE = YES;
				CLANG_WARN__DUPLICATE_METHOD_MATCH = YES;
				"CODE_SIGN_IDENTITY[sdk=iphoneos*]" = "iPhone Developer";
				COPY_PHASE_STRIP = NO;
				DEBUG_INFORMATION_FORMAT = "dwarf-with-dsym";
				ENABLE_NS_ASSERTIONS = NO;
				ENABLE_STRICT_OBJC_MSGSEND = YES;
				GCC_C_LANGUAGE_STANDARD = gnu99;
				GCC_NO_COMMON_BLOCKS = YES;
				GCC_WARN_64_TO_32_BIT_CONVERSION = YES;
				GCC_WARN_ABOUT_RETURN_TYPE = YES_ERROR;
				GCC_WARN_UNDECLARED_SELECTOR = YES;
				GCC_WARN_UNINITIALIZED_AUTOS = YES_AGGRESSIVE;
				GCC_WARN_UNUSED_FUNCTION = YES;
				GCC_WARN_UNUSED_VARIABLE = YES;
				IPHONEOS_DEPLOYMENT_TARGET = 9.3;
				MTL_ENABLE_DEBUG_INFO = NO;
				SDKROOT = iphoneos;
				VALIDATE_PRODUCT = YES;
			};
			name = Release;
		};
		DDB043331CD096FF00C6C39E /* Debug */ = {
			isa = XCBuildConfiguration;
			buildSettings = {
				ASSETCATALOG_COMPILER_APPICON_NAME = AppIcon;
				INFOPLIST_FILE = Learning/Info.plist;
				LD_RUNPATH_SEARCH_PATHS = "$(inherited) @executable_path/Frameworks";
				PRODUCT_BUNDLE_IDENTIFIER = NavigationController;
				PRODUCT_NAME = NavigationContoller;
			};
			name = Debug;
		};
		DDB043341CD096FF00C6C39E /* Release */ = {
			isa = XCBuildConfiguration;
			buildSettings = {
				ASSETCATALOG_COMPILER_APPICON_NAME = AppIcon;
				INFOPLIST_FILE = Learning/Info.plist;
				LD_RUNPATH_SEARCH_PATHS = "$(inherited) @executable_path/Frameworks";
				PRODUCT_BUNDLE_IDENTIFIER = NavigationController;
				PRODUCT_NAME = NavigationContoller;
			};
			name = Release;
		};
		DDB043361CD096FF00C6C39E /* Debug */ = {
			isa = XCBuildConfiguration;
			buildSettings = {
				BUNDLE_LOADER = "$(TEST_HOST)";
				INFOPLIST_FILE = LearningTests/Info.plist;
				LD_RUNPATH_SEARCH_PATHS = "$(inherited) @executable_path/Frameworks @loader_path/Frameworks";
				PRODUCT_BUNDLE_IDENTIFIER = a.LearningTests;
				PRODUCT_NAME = NavigationContoller;
				TEST_HOST = "$(BUILT_PRODUCTS_DIR)/NavigationContoller.app/NavigationContoller";
			};
			name = Debug;
		};
		DDB043371CD096FF00C6C39E /* Release */ = {
			isa = XCBuildConfiguration;
			buildSettings = {
				BUNDLE_LOADER = "$(TEST_HOST)";
				INFOPLIST_FILE = LearningTests/Info.plist;
				LD_RUNPATH_SEARCH_PATHS = "$(inherited) @executable_path/Frameworks @loader_path/Frameworks";
				PRODUCT_BUNDLE_IDENTIFIER = a.LearningTests;
				PRODUCT_NAME = NavigationContoller;
				TEST_HOST = "$(BUILT_PRODUCTS_DIR)/NavigationContoller.app/NavigationContoller";
			};
			name = Release;
		};
		DDB043391CD096FF00C6C39E /* Debug */ = {
			isa = XCBuildConfiguration;
			buildSettings = {
				INFOPLIST_FILE = LearningUITests/Info.plist;
				LD_RUNPATH_SEARCH_PATHS = "$(inherited) @executable_path/Frameworks @loader_path/Frameworks";
				PRODUCT_BUNDLE_IDENTIFIER = a.LearningUITests;
				PRODUCT_NAME = NavigationContoller;
				TEST_TARGET_NAME = Learning;
			};
			name = Debug;
		};
		DDB0433A1CD096FF00C6C39E /* Release */ = {
			isa = XCBuildConfiguration;
			buildSettings = {
				INFOPLIST_FILE = LearningUITests/Info.plist;
				LD_RUNPATH_SEARCH_PATHS = "$(inherited) @executable_path/Frameworks @loader_path/Frameworks";
				PRODUCT_BUNDLE_IDENTIFIER = a.LearningUITests;
				PRODUCT_NAME = NavigationContoller;
				TEST_TARGET_NAME = Learning;
			};
			name = Release;
		};
/* End XCBuildConfiguration section */

/* Begin XCConfigurationList section */
		DDB043051CD096FE00C6C39E /* Build configuration list for PBXProject "NavigationContoller" */ = {
			isa = XCConfigurationList;
			buildConfigurations = (
				DDB043301CD096FF00C6C39E /* Debug */,
				DDB043311CD096FF00C6C39E /* Release */,
			);
			defaultConfigurationIsVisible = 0;
			defaultConfigurationName = Release;
		};
		DDB043321CD096FF00C6C39E /* Build configuration list for PBXNativeTarget "NavigationContoller" */ = {
			isa = XCConfigurationList;
			buildConfigurations = (
				DDB043331CD096FF00C6C39E /* Debug */,
				DDB043341CD096FF00C6C39E /* Release */,
			);
			defaultConfigurationIsVisible = 0;
			defaultConfigurationName = Release;
		};
		DDB043351CD096FF00C6C39E /* Build configuration list for PBXNativeTarget "NavigationContollerTests" */ = {
			isa = XCConfigurationList;
			buildConfigurations = (
				DDB043361CD096FF00C6C39E /* Debug */,
				DDB043371CD096FF00C6C39E /* Release */,
			);
			defaultConfigurationIsVisible = 0;
			defaultConfigurationName = Release;
		};
		DDB043381CD096FF00C6C39E /* Build configuration list for PBXNativeTarget "NavigationContollerUITests" */ = {
			isa = XCConfigurationList;
			buildConfigurations = (
				DDB043391CD096FF00C6C39E /* Debug */,
				DDB0433A1CD096FF00C6C39E /* Release */,
			);
			defaultConfigurationIsVisible = 0;
			defaultConfigurationName = Release;
		};
/* End XCConfigurationList section */
	};
	rootObject = DDB043021CD096FE00C6C39E /* Project object */;
}
